{
  "originHash" : "d0ad481e08014f3ceff8c480ecca9b81a810f15bbab2c2663da4e8a866b7b8b6",
  "pins" : [
    {
      "identity" : "handvector",
      "kind" : "remoteSourceControl",
      "location" : "https://github.com/XanderXu/HandVector",
      "state" : {
        "revision" : "efd0d2f0f2dfe4d1f98e4ad0817df24e28a0a59d",
        "version" : "2.1.0"
      }
    }
  ],
  "version" : 3
}
